# This file is autogenerated, do not edit; changes may be undone by the next 'dep ensure'.


[[projects]]
  name = "github.com/go-redis/redis"
  packages = [".","internal","internal/consistenthash","internal/hashtag","internal/pool","internal/proto"]
  revision = "9c885d5ba8a22f260badcffde1649915fbeebfc0"
  version = "v6.7.5"

[[projects]]
  name = "github.com/gorilla/context"
  packages = ["."]
  revision = "1ea25387ff6f684839d82767c1733ff4d4d15d0a"
  version = "v1.1"

[[projects]]
  name = "github.com/gorilla/mux"
  packages = ["."]
  revision = "7f08801859139f86dfafd1c296e2cba9a80d292e"
  version = "v1.6.0"

[solve-meta]
  analyzer-name = "dep"
  analyzer-version = 1
  inputs-digest = "529fda9d1a63359520b8fc06bd03e2e24ca03a52701fd5e5196f0b1bf169a904"
  solver-name = "gps-cdcl"
  solver-version = 1
